
Microsoft Visual Studio Solution File, Format Version 12.00
# Visual Studio Version 16
VisualStudioVersion = 16.0.30804.86
MinimumVisualStudioVersion = 10.0.40219.1
Project("{9A19103F-16F7-4668-BE54-9A1E7A4F7556}") = "RockLib.Serialization.XSerializer", "RockLib.Serialization.XSerializer\RockLib.Serialization.XSerializer.csproj", "{38BA53E9-5C50-4AAC-B9F3-514AC4819651}"
EndProject
Project("{9A19103F-16F7-4668-BE54-9A1E7A4F7556}") = "RockLib.Serialization.XSerializer.Tests", "Tests\RockLib.Serialization.XSerializer.Tests\RockLib.Serialization.XSerializer.Tests.csproj", "{7445F3F7-4C3A-47C9-87BA-7528C30BDE60}"
EndProject
Global
	GlobalSection(SolutionConfigurationPlatforms) = preSolution
		Debug|Any CPU = Debug|Any CPU
		Release|Any CPU = Release|Any CPU
	EndGlobalSection
	GlobalSection(ProjectConfigurationPlatforms) = postSolution
		{38BA53E9-5C50-4AAC-B9F3-514AC4819651}.Debug|Any CPU.ActiveCfg = Debug|Any CPU
		{38BA53E9-5C50-4AAC-B9F3-514AC4819651}.Debug|Any CPU.Build.0 = Debug|Any CPU
		{38BA53E9-5C50-4AAC-B9F3-514AC4819651}.Release|Any CPU.ActiveCfg = Release|Any CPU
		{38BA53E9-5C50-4AAC-B9F3-514AC4819651}.Release|Any CPU.Build.0 = Release|Any CPU
		{7445F3F7-4C3A-47C9-87BA-7528C30BDE60}.Debug|Any CPU.ActiveCfg = Debug|Any CPU
		{7445F3F7-4C3A-47C9-87BA-7528C30BDE60}.Debug|Any CPU.Build.0 = Debug|Any CPU
		{7445F3F7-4C3A-47C9-87BA-7528C30BDE60}.Release|Any CPU.ActiveCfg = Release|Any CPU
		{7445F3F7-4C3A-47C9-87BA-7528C30BDE60}.Release|Any CPU.Build.0 = Release|Any CPU
	EndGlobalSection
	GlobalSection(SolutionProperties) = preSolution
		HideSolutionNode = FALSE
	EndGlobalSection
	GlobalSection(ExtensibilityGlobals) = postSolution
		SolutionGuid = {14B2421B-B8A3-4251-8537-D26A42C1A6AE}
	EndGlobalSection
EndGlobal
