
Microsoft Visual Studio Solution File, Format Version 12.00
# Visual Studio 15
VisualStudioVersion = 15.0.28010.2026
MinimumVisualStudioVersion = 10.0.40219.1
Project("{9A19103F-16F7-4668-BE54-9A1E7A4F7556}") = "RockLib.Serialization.DataContract", "RockLib.Serialization.DataContract\RockLib.Serialization.DataContract.csproj", "{A3F8D9DE-2A87-4505-B956-34B3102A4906}"
EndProject
Project("{FAE04EC0-301F-11D3-BF4B-00C04F79EFBC}") = "RockLib.Serialization.DataContract.Tests", "RockLib.Serialization.DataContract.Tests\RockLib.Serialization.DataContract.Tests.csproj", "{B5307852-10FB-4B48-AE84-DA79E4CA11A5}"
EndProject
Global
	GlobalSection(SolutionConfigurationPlatforms) = preSolution
		Debug|Any CPU = Debug|Any CPU
		Release|Any CPU = Release|Any CPU
	EndGlobalSection
	GlobalSection(ProjectConfigurationPlatforms) = postSolution
		{A3F8D9DE-2A87-4505-B956-34B3102A4906}.Debug|Any CPU.ActiveCfg = Debug|Any CPU
		{A3F8D9DE-2A87-4505-B956-34B3102A4906}.Debug|Any CPU.Build.0 = Debug|Any CPU
		{A3F8D9DE-2A87-4505-B956-34B3102A4906}.Release|Any CPU.ActiveCfg = Release|Any CPU
		{A3F8D9DE-2A87-4505-B956-34B3102A4906}.Release|Any CPU.Build.0 = Release|Any CPU
		{B5307852-10FB-4B48-AE84-DA79E4CA11A5}.Debug|Any CPU.ActiveCfg = Debug|Any CPU
		{B5307852-10FB-4B48-AE84-DA79E4CA11A5}.Debug|Any CPU.Build.0 = Debug|Any CPU
		{B5307852-10FB-4B48-AE84-DA79E4CA11A5}.Release|Any CPU.ActiveCfg = Release|Any CPU
		{B5307852-10FB-4B48-AE84-DA79E4CA11A5}.Release|Any CPU.Build.0 = Release|Any CPU
	EndGlobalSection
	GlobalSection(SolutionProperties) = preSolution
		HideSolutionNode = FALSE
	EndGlobalSection
	GlobalSection(ExtensibilityGlobals) = postSolution
		SolutionGuid = {14B2421B-B8A3-4251-8537-D26A42C1A6AE}
	EndGlobalSection
EndGlobal
