
Microsoft Visual Studio Solution File, Format Version 12.00
# Visual Studio 15
VisualStudioVersion = 15.0.28010.2026
MinimumVisualStudioVersion = 10.0.40219.1
Project("{9A19103F-16F7-4668-BE54-9A1E7A4F7556}") = "RockLib.Serialization", "RockLib.Serialization\RockLib.Serialization.csproj", "{A44892BB-EF1E-4AA8-807A-0A917DC1ED5D}"
EndProject
Project("{9A19103F-16F7-4668-BE54-9A1E7A4F7556}") = "Example.Serialization.DotNetCore", "Example.Serialization.DotNetCore\Example.Serialization.DotNetCore.csproj", "{3528C15B-7B54-4C2C-92BB-0892E9D80DBB}"
EndProject
Project("{9A19103F-16F7-4668-BE54-9A1E7A4F7556}") = "RockLib.Serialization.Tests", "RockLib.Serialization.Tests\RockLib.Serialization.Tests.csproj", "{4735BE45-0672-400B-B671-5AB83B3ADFE6}"
EndProject
Project("{9A19103F-16F7-4668-BE54-9A1E7A4F7556}") = "RockLib.Serialization.XSerializer", "RockLib.Serialization.XSerializer\RockLib.Serialization.XSerializer.csproj", "{38BA53E9-5C50-4AAC-B9F3-514AC4819651}"
EndProject
Project("{9A19103F-16F7-4668-BE54-9A1E7A4F7556}") = "RockLib.Serialization.XSerializer.Tests", "RockLib.Serialization.XSerializer.Tests\RockLib.Serialization.XSerializer.Tests.csproj", "{28F40289-9DC4-4EA2-AA08-09554DF3F0B3}"
EndProject
Project("{9A19103F-16F7-4668-BE54-9A1E7A4F7556}") = "RockLib.Serialization.DataContract", "RockLib.Serialization.DataContract\RockLib.Serialization.DataContract.csproj", "{A3F8D9DE-2A87-4505-B956-34B3102A4906}"
EndProject
Project("{9A19103F-16F7-4668-BE54-9A1E7A4F7556}") = "RockLib.Serialization.DataContract.Tests", "RockLib.Serialization.DataContract.Tests\RockLib.Serialization.DataContract.Tests.csproj", "{B5307852-10FB-4B48-AE84-DA79E4CA11A5}"
EndProject
Project("{FAE04EC0-301F-11D3-BF4B-00C04F79EFBC}") = "Example.Serialization.XSerializer.DotNetCore", "Example.Serialization.XSerializer.DotNetCore\Example.Serialization.XSerializer.DotNetCore.csproj", "{63D2BA7A-9463-4B33-97BA-15BDDA051C3D}"
EndProject
Project("{FAE04EC0-301F-11D3-BF4B-00C04F79EFBC}") = "Example.Serialization.DataContract.DotNetCore", "Example.Serialization.DataContract.DotNetCore\Example.Serialization.DataContract.DotNetCore.csproj", "{0CF82C8D-0735-402E-8DA8-75217C1DE174}"
EndProject
Global
	GlobalSection(SolutionConfigurationPlatforms) = preSolution
		Debug|Any CPU = Debug|Any CPU
		Release|Any CPU = Release|Any CPU
	EndGlobalSection
	GlobalSection(ProjectConfigurationPlatforms) = postSolution
		{A44892BB-EF1E-4AA8-807A-0A917DC1ED5D}.Debug|Any CPU.ActiveCfg = Debug|Any CPU
		{A44892BB-EF1E-4AA8-807A-0A917DC1ED5D}.Debug|Any CPU.Build.0 = Debug|Any CPU
		{A44892BB-EF1E-4AA8-807A-0A917DC1ED5D}.Release|Any CPU.ActiveCfg = Release|Any CPU
		{A44892BB-EF1E-4AA8-807A-0A917DC1ED5D}.Release|Any CPU.Build.0 = Release|Any CPU
		{3528C15B-7B54-4C2C-92BB-0892E9D80DBB}.Debug|Any CPU.ActiveCfg = Debug|Any CPU
		{3528C15B-7B54-4C2C-92BB-0892E9D80DBB}.Debug|Any CPU.Build.0 = Debug|Any CPU
		{3528C15B-7B54-4C2C-92BB-0892E9D80DBB}.Release|Any CPU.ActiveCfg = Release|Any CPU
		{3528C15B-7B54-4C2C-92BB-0892E9D80DBB}.Release|Any CPU.Build.0 = Release|Any CPU
		{4735BE45-0672-400B-B671-5AB83B3ADFE6}.Debug|Any CPU.ActiveCfg = Debug|Any CPU
		{4735BE45-0672-400B-B671-5AB83B3ADFE6}.Debug|Any CPU.Build.0 = Debug|Any CPU
		{4735BE45-0672-400B-B671-5AB83B3ADFE6}.Release|Any CPU.ActiveCfg = Release|Any CPU
		{4735BE45-0672-400B-B671-5AB83B3ADFE6}.Release|Any CPU.Build.0 = Release|Any CPU
		{38BA53E9-5C50-4AAC-B9F3-514AC4819651}.Debug|Any CPU.ActiveCfg = Debug|Any CPU
		{38BA53E9-5C50-4AAC-B9F3-514AC4819651}.Debug|Any CPU.Build.0 = Debug|Any CPU
		{38BA53E9-5C50-4AAC-B9F3-514AC4819651}.Release|Any CPU.ActiveCfg = Release|Any CPU
		{38BA53E9-5C50-4AAC-B9F3-514AC4819651}.Release|Any CPU.Build.0 = Release|Any CPU
		{28F40289-9DC4-4EA2-AA08-09554DF3F0B3}.Debug|Any CPU.ActiveCfg = Debug|Any CPU
		{28F40289-9DC4-4EA2-AA08-09554DF3F0B3}.Debug|Any CPU.Build.0 = Debug|Any CPU
		{28F40289-9DC4-4EA2-AA08-09554DF3F0B3}.Release|Any CPU.ActiveCfg = Release|Any CPU
		{28F40289-9DC4-4EA2-AA08-09554DF3F0B3}.Release|Any CPU.Build.0 = Release|Any CPU
		{A3F8D9DE-2A87-4505-B956-34B3102A4906}.Debug|Any CPU.ActiveCfg = Debug|Any CPU
		{A3F8D9DE-2A87-4505-B956-34B3102A4906}.Debug|Any CPU.Build.0 = Debug|Any CPU
		{A3F8D9DE-2A87-4505-B956-34B3102A4906}.Release|Any CPU.ActiveCfg = Release|Any CPU
		{A3F8D9DE-2A87-4505-B956-34B3102A4906}.Release|Any CPU.Build.0 = Release|Any CPU
		{B5307852-10FB-4B48-AE84-DA79E4CA11A5}.Debug|Any CPU.ActiveCfg = Debug|Any CPU
		{B5307852-10FB-4B48-AE84-DA79E4CA11A5}.Debug|Any CPU.Build.0 = Debug|Any CPU
		{B5307852-10FB-4B48-AE84-DA79E4CA11A5}.Release|Any CPU.ActiveCfg = Release|Any CPU
		{B5307852-10FB-4B48-AE84-DA79E4CA11A5}.Release|Any CPU.Build.0 = Release|Any CPU
		{63D2BA7A-9463-4B33-97BA-15BDDA051C3D}.Debug|Any CPU.ActiveCfg = Debug|Any CPU
		{63D2BA7A-9463-4B33-97BA-15BDDA051C3D}.Debug|Any CPU.Build.0 = Debug|Any CPU
		{63D2BA7A-9463-4B33-97BA-15BDDA051C3D}.Release|Any CPU.ActiveCfg = Release|Any CPU
		{63D2BA7A-9463-4B33-97BA-15BDDA051C3D}.Release|Any CPU.Build.0 = Release|Any CPU
		{0CF82C8D-0735-402E-8DA8-75217C1DE174}.Debug|Any CPU.ActiveCfg = Debug|Any CPU
		{0CF82C8D-0735-402E-8DA8-75217C1DE174}.Debug|Any CPU.Build.0 = Debug|Any CPU
		{0CF82C8D-0735-402E-8DA8-75217C1DE174}.Release|Any CPU.ActiveCfg = Release|Any CPU
		{0CF82C8D-0735-402E-8DA8-75217C1DE174}.Release|Any CPU.Build.0 = Release|Any CPU
	EndGlobalSection
	GlobalSection(SolutionProperties) = preSolution
		HideSolutionNode = FALSE
	EndGlobalSection
	GlobalSection(ExtensibilityGlobals) = postSolution
		SolutionGuid = {14B2421B-B8A3-4251-8537-D26A42C1A6AE}
	EndGlobalSection
EndGlobal
