
Microsoft Visual Studio Solution File, Format Version 12.00
# Visual Studio Version 16
VisualStudioVersion = 16.0.30804.86
MinimumVisualStudioVersion = 10.0.40219.1
Project("{9A19103F-16F7-4668-BE54-9A1E7A4F7556}") = "RockLib.Serialization.DataContract", "RockLib.Serialization.DataContract.csproj", "{A3F8D9DE-2A87-4505-B956-34B3102A4906}"
EndProject
Project("{9A19103F-16F7-4668-BE54-9A1E7A4F7556}") = "RockLib.Serialization.DataContract.Tests", "..\Tests\RockLib.Serialization.DataContract.Tests\RockLib.Serialization.DataContract.Tests.csproj", "{1295C078-19D0-4932-A769-67D11EADB459}"
EndProject
Global
	GlobalSection(SolutionConfigurationPlatforms) = preSolution
		Debug|Any CPU = Debug|Any CPU
		Release|Any CPU = Release|Any CPU
	EndGlobalSection
	GlobalSection(ProjectConfigurationPlatforms) = postSolution
		{A3F8D9DE-2A87-4505-B956-34B3102A4906}.Debug|Any CPU.ActiveCfg = Debug|Any CPU
		{A3F8D9DE-2A87-4505-B956-34B3102A4906}.Debug|Any CPU.Build.0 = Debug|Any CPU
		{A3F8D9DE-2A87-4505-B956-34B3102A4906}.Release|Any CPU.ActiveCfg = Release|Any CPU
		{A3F8D9DE-2A87-4505-B956-34B3102A4906}.Release|Any CPU.Build.0 = Release|Any CPU
		{1295C078-19D0-4932-A769-67D11EADB459}.Debug|Any CPU.ActiveCfg = Debug|Any CPU
		{1295C078-19D0-4932-A769-67D11EADB459}.Debug|Any CPU.Build.0 = Debug|Any CPU
		{1295C078-19D0-4932-A769-67D11EADB459}.Release|Any CPU.ActiveCfg = Release|Any CPU
		{1295C078-19D0-4932-A769-67D11EADB459}.Release|Any CPU.Build.0 = Release|Any CPU
	EndGlobalSection
	GlobalSection(SolutionProperties) = preSolution
		HideSolutionNode = FALSE
	EndGlobalSection
	GlobalSection(ExtensibilityGlobals) = postSolution
		SolutionGuid = {14B2421B-B8A3-4251-8537-D26A42C1A6AE}
	EndGlobalSection
EndGlobal
